// !$*UTF8*$!
{
	archiveVersion = 1;
	classes = {
	};
	objectVersion = 55;
	objects = {

/* Begin PBXBuildFile section */
		4408883727EF82E00070AC59 /* AppDelegate.swift in Sources */ = {isa = PBXBuildFile; fileRef = 4408883627EF82E00070AC59 /* AppDelegate.swift */; };
		4408883927EF82E00070AC59 /* SceneDelegate.swift in Sources */ = {isa = PBXBuildFile; fileRef = 4408883827EF82E00070AC59 /* SceneDelegate.swift */; };
		4408883E27EF82E00070AC59 /* Main.storyboard in Resources */ = {isa = PBXBuildFile; fileRef = 4408883C27EF82E00070AC59 /* Main.storyboard */; };
		4408884027EF82E10070AC59 /* Assets.xcassets in Resources */ = {isa = PBXBuildFile; fileRef = 4408883F27EF82E10070AC59 /* Assets.xcassets */; };
		4408884327EF82E10070AC59 /* LaunchScreen.storyboard in Resources */ = {isa = PBXBuildFile; fileRef = 4408884127EF82E10070AC59 /* LaunchScreen.storyboard */; };
		4408885227EF8BFD0070AC59 /* LoginViewController.swift in Sources */ = {isa = PBXBuildFile; fileRef = 4408885127EF8BFD0070AC59 /* LoginViewController.swift */; };
		4408885427EF8EA00070AC59 /* WelcomeViewController.swift in Sources */ = {isa = PBXBuildFile; fileRef = 4408885327EF8EA00070AC59 /* WelcomeViewController.swift */; };
		4408885627EF8F860070AC59 /* User.swift in Sources */ = {isa = PBXBuildFile; fileRef = 4408885527EF8F860070AC59 /* User.swift */; };
		4408885827EF92900070AC59 /* UserInfoViewController.swift in Sources */ = {isa = PBXBuildFile; fileRef = 4408885727EF92900070AC59 /* UserInfoViewController.swift */; };
		4408885A27EF94CC0070AC59 /* ImageViewController.swift in Sources */ = {isa = PBXBuildFile; fileRef = 4408885927EF94CC0070AC59 /* ImageViewController.swift */; };
/* End PBXBuildFile section */

/* Begin PBXFileReference section */
		4408883327EF82E00070AC59 /* LoginFullVersion.app */ = {isa = PBXFileReference; explicitFileType = wrapper.application; includeInIndex = 0; path = LoginFullVersion.app; sourceTree = BUILT_PRODUCTS_DIR; };
		4408883627EF82E00070AC59 /* AppDelegate.swift */ = {isa = PBXFileReference; lastKnownFileType = sourcecode.swift; path = AppDelegate.swift; sourceTree = "<group>"; };
		4408883827EF82E00070AC59 /* SceneDelegate.swift */ = {isa = PBXFileReference; lastKnownFileType = sourcecode.swift; path = SceneDelegate.swift; sourceTree = "<group>"; };
		4408883D27EF82E00070AC59 /* Base */ = {isa = PBXFileReference; lastKnownFileType = file.storyboard; name = Base; path = Base.lproj/Main.storyboard; sourceTree = "<group>"; };
		4408883F27EF82E10070AC59 /* Assets.xcassets */ = {isa = PBXFileReference; lastKnownFileType = folder.assetcatalog; path = Assets.xcassets; sourceTree = "<group>"; };
		4408884227EF82E10070AC59 /* Base */ = {isa = PBXFileReference; lastKnownFileType = file.storyboard; name = Base; path = Base.lproj/LaunchScreen.storyboard; sourceTree = "<group>"; };
		4408884427EF82E10070AC59 /* Info.plist */ = {isa = PBXFileReference; lastKnownFileType = text.plist.xml; path = Info.plist; sourceTree = "<group>"; };
		4408885127EF8BFD0070AC59 /* LoginViewController.swift */ = {isa = PBXFileReference; lastKnownFileType = sourcecode.swift; path = LoginViewController.swift; sourceTree = "<group>"; };
		4408885327EF8EA00070AC59 /* WelcomeViewController.swift */ = {isa = PBXFileReference; lastKnownFileType = sourcecode.swift; path = WelcomeViewController.swift; sourceTree = "<group>"; };
		4408885527EF8F860070AC59 /* User.swift */ = {isa = PBXFileReference; lastKnownFileType = sourcecode.swift; path = User.swift; sourceTree = "<group>"; };
		4408885727EF92900070AC59 /* UserInfoViewController.swift */ = {isa = PBXFileReference; lastKnownFileType = sourcecode.swift; path = UserInfoViewController.swift; sourceTree = "<group>"; };
		4408885927EF94CC0070AC59 /* ImageViewController.swift */ = {isa = PBXFileReference; lastKnownFileType = sourcecode.swift; path = ImageViewController.swift; sourceTree = "<group>"; };
/* End PBXFileReference section */

/* Begin PBXFrameworksBuildPhase section */
		4408883027EF82E00070AC59 /* Frameworks */ = {
			isa = PBXFrameworksBuildPhase;
			buildActionMask = 2147483647;
			files = (
			);
			runOnlyForDeploymentPostprocessing = 0;
		};
/* End PBXFrameworksBuildPhase section */

/* Begin PBXGroup section */
		4408882A27EF82E00070AC59 = {
			isa = PBXGroup;
			children = (
				4408883527EF82E00070AC59 /* LoginFullVersion */,
				4408883427EF82E00070AC59 /* Products */,
			);
			sourceTree = "<group>";
		};
		4408883427EF82E00070AC59 /* Products */ = {
			isa = PBXGroup;
			children = (
				4408883327EF82E00070AC59 /* LoginFullVersion.app */,
			);
			name = Products;
			sourceTree = "<group>";
		};
		4408883527EF82E00070AC59 /* LoginFullVersion */ = {
			isa = PBXGroup;
			children = (
				4408884E27EF8AEA0070AC59 /* Models */,
				4408884B27EF8A9B0070AC59 /* Supporting */,
				4408884D27EF8ADB0070AC59 /* ViewControllers */,
				4408884C27EF8AB70070AC59 /* Storyboards */,
				4408884A27EF8A850070AC59 /* Resourses */,
			);
			path = LoginFullVersion;
			sourceTree = "<group>";
		};
		4408884A27EF8A850070AC59 /* Resourses */ = {
			isa = PBXGroup;
			children = (
				4408883F27EF82E10070AC59 /* Assets.xcassets */,
			);
			path = Resourses;
			sourceTree = "<group>";
		};
		4408884B27EF8A9B0070AC59 /* Supporting */ = {
			isa = PBXGroup;
			children = (
				4408883627EF82E00070AC59 /* AppDelegate.swift */,
				4408883827EF82E00070AC59 /* SceneDelegate.swift */,
				4408884427EF82E10070AC59 /* Info.plist */,
			);
			path = Supporting;
			sourceTree = "<group>";
		};
		4408884C27EF8AB70070AC59 /* Storyboards */ = {
			isa = PBXGroup;
			children = (
				4408883C27EF82E00070AC59 /* Main.storyboard */,
				4408884127EF82E10070AC59 /* LaunchScreen.storyboard */,
			);
			path = Storyboards;
			sourceTree = "<group>";
		};
		4408884D27EF8ADB0070AC59 /* ViewControllers */ = {
			isa = PBXGroup;
			children = (
				4408885127EF8BFD0070AC59 /* LoginViewController.swift */,
				4408885327EF8EA00070AC59 /* WelcomeViewController.swift */,
				4408885727EF92900070AC59 /* UserInfoViewController.swift */,
				4408885927EF94CC0070AC59 /* ImageViewController.swift */,
			);
			path = ViewControllers;
			sourceTree = "<group>";
		};
		4408884E27EF8AEA0070AC59 /* Models */ = {
			isa = PBXGroup;
			children = (
				4408885527EF8F860070AC59 /* User.swift */,
			);
			path = Models;
			sourceTree = "<group>";
		};
/* End PBXGroup section */

/* Begin PBXNativeTarget section */
		4408883227EF82E00070AC59 /* LoginFullVersion */ = {
			isa = PBXNativeTarget;
			buildConfigurationList = 4408884727EF82E10070AC59 /* Build configuration list for PBXNativeTarget "LoginFullVersion" */;
			buildPhases = (
				4408882F27EF82E00070AC59 /* Sources */,
				4408883027EF82E00070AC59 /* Frameworks */,
				4408883127EF82E00070AC59 /* Resources */,
			);
			buildRules = (
			);
			dependencies = (
			);
			name = LoginFullVersion;
			productName = LoginFullVersion;
			productReference = 4408883327EF82E00070AC59 /* LoginFullVersion.app */;
			productType = "com.apple.product-type.application";
		};
/* End PBXNativeTarget section */

/* Begin PBXProject section */
		4408882B27EF82E00070AC59 /* Project object */ = {
			isa = PBXProject;
			attributes = {
				BuildIndependentTargetsInParallel = 1;
				LastSwiftUpdateCheck = 1330;
				LastUpgradeCheck = 1330;
				TargetAttributes = {
					4408883227EF82E00070AC59 = {
						CreatedOnToolsVersion = 13.3;
					};
				};
			};
			buildConfigurationList = 4408882E27EF82E00070AC59 /* Build configuration list for PBXProject "LoginFullVersion" */;
			compatibilityVersion = "Xcode 13.0";
			developmentRegion = en;
			hasScannedForEncodings = 0;
			knownRegions = (
				en,
				Base,
			);
			mainGroup = 4408882A27EF82E00070AC59;
			productRefGroup = 4408883427EF82E00070AC59 /* Products */;
			projectDirPath = "";
			projectRoot = "";
			targets = (
				4408883227EF82E00070AC59 /* LoginFullVersion */,
			);
		};
/* End PBXProject section */

/* Begin PBXResourcesBuildPhase section */
		4408883127EF82E00070AC59 /* Resources */ = {
			isa = PBXResourcesBuildPhase;
			buildActionMask = 2147483647;
			files = (
				4408884327EF82E10070AC59 /* LaunchScreen.storyboard in Resources */,
				4408884027EF82E10070AC59 /* Assets.xcassets in Resources */,
				4408883E27EF82E00070AC59 /* Main.storyboard in Resources */,
			);
			runOnlyForDeploymentPostprocessing = 0;
		};
/* End PBXResourcesBuildPhase section */

/* Begin PBXSourcesBuildPhase section */
		4408882F27EF82E00070AC59 /* Sources */ = {
			isa = PBXSourcesBuildPhase;
			buildActionMask = 2147483647;
			files = (
				4408885227EF8BFD0070AC59 /* LoginViewController.swift in Sources */,
				4408885827EF92900070AC59 /* UserInfoViewController.swift in Sources */,
				4408885427EF8EA00070AC59 /* WelcomeViewController.swift in Sources */,
				4408885A27EF94CC0070AC59 /* ImageViewController.swift in Sources */,
				4408883727EF82E00070AC59 /* AppDelegate.swift in Sources */,
				4408885627EF8F860070AC59 /* User.swift in Sources */,
				4408883927EF82E00070AC59 /* SceneDelegate.swift in Sources */,
			);
			runOnlyForDeploymentPostprocessing = 0;
		};
/* End PBXSourcesBuildPhase section */

/* Begin PBXVariantGroup section */
		4408883C27EF82E00070AC59 /* Main.storyboard */ = {
			isa = PBXVariantGroup;
			children = (
				4408883D27EF82E00070AC59 /* Base */,
			);
			name = Main.storyboard;
			sourceTree = "<group>";
		};
		4408884127EF82E10070AC59 /* LaunchScreen.storyboard */ = {
			isa = PBXVariantGroup;
			children = (
				4408884227EF82E10070AC59 /* Base */,
			);
			name = LaunchScreen.storyboard;
			sourceTree = "<group>";
		};
/* End PBXVariantGroup section */

/* Begin XCBuildConfiguration section */
		4408884527EF82E10070AC59 /* Debug */ = {
			isa = XCBuildConfiguration;
			buildSettings = {
				ALWAYS_SEARCH_USER_PATHS = NO;
				CLANG_ANALYZER_NONNULL = YES;
				CLANG_ANALYZER_NUMBER_OBJECT_CONVERSION = YES_AGGRESSIVE;
				CLANG_CXX_LANGUAGE_STANDARD = "gnu++17";
				CLANG_ENABLE_MODULES = YES;
				CLANG_ENABLE_OBJC_ARC = YES;
				CLANG_ENABLE_OBJC_WEAK = YES;
				CLANG_WARN_BLOCK_CAPTURE_AUTORELEASING = YES;
				CLANG_WARN_BOOL_CONVERSION = YES;
				CLANG_WARN_COMMA = YES;
				CLANG_WARN_CONSTANT_CONVERSION = YES;
				CLANG_WARN_DEPRECATED_OBJC_IMPLEMENTATIONS = YES;
				CLANG_WARN_DIRECT_OBJC_ISA_USAGE = YES_ERROR;
				CLANG_WARN_DOCUMENTATION_COMMENTS = YES;
				CLANG_WARN_EMPTY_BODY = YES;
				CLANG_WARN_ENUM_CONVERSION = YES;
				CLANG_WARN_INFINITE_RECURSION = YES;
				CLANG_WARN_INT_CONVERSION = YES;
				CLANG_WARN_NON_LITERAL_NULL_CONVERSION = YES;
				CLANG_WARN_OBJC_IMPLICIT_RETAIN_SELF = YES;
				CLANG_WARN_OBJC_LITERAL_CONVERSION = YES;
				CLANG_WARN_OBJC_ROOT_CLASS = YES_ERROR;
				CLANG_WARN_QUOTED_INCLUDE_IN_FRAMEWORK_HEADER = YES;
				CLANG_WARN_RANGE_LOOP_ANALYSIS = YES;
				CLANG_WARN_STRICT_PROTOTYPES = YES;
				CLANG_WARN_SUSPICIOUS_MOVE = YES;
				CLANG_WARN_UNGUARDED_AVAILABILITY = YES_AGGRESSIVE;
				CLANG_WARN_UNREACHABLE_CODE = YES;
				CLANG_WARN__DUPLICATE_METHOD_MATCH = YES;
				COPY_PHASE_STRIP = NO;
				DEBUG_INFORMATION_FORMAT = dwarf;
				ENABLE_STRICT_OBJC_MSGSEND = YES;
				ENABLE_TESTABILITY = YES;
				GCC_C_LANGUAGE_STANDARD = gnu11;
				GCC_DYNAMIC_NO_PIC = NO;
				GCC_NO_COMMON_BLOCKS = YES;
				GCC_OPTIMIZATION_LEVEL = 0;
				GCC_PREPROCESSOR_DEFINITIONS = (
					"DEBUG=1",
					"$(inherited)",
				);
				GCC_WARN_64_TO_32_BIT_CONVERSION = YES;
				GCC_WARN_ABOUT_RETURN_TYPE = YES_ERROR;
				GCC_WARN_UNDECLARED_SELECTOR = YES;
				GCC_WARN_UNINITIALIZED_AUTOS = YES_AGGRESSIVE;
				GCC_WARN_UNUSED_FUNCTION = YES;
				GCC_WARN_UNUSED_VARIABLE = YES;
				IPHONEOS_DEPLOYMENT_TARGET = 15.4;
				MTL_ENABLE_DEBUG_INFO = INCLUDE_SOURCE;
				MTL_FAST_MATH = YES;
				ONLY_ACTIVE_ARCH = YES;
				SDKROOT = iphoneos;
				SWIFT_ACTIVE_COMPILATION_CONDITIONS = DEBUG;
				SWIFT_OPTIMIZATION_LEVEL = "-Onone";
			};
			name = Debug;
		};
		4408884627EF82E10070AC59 /* Release */ = {
			isa = XCBuildConfiguration;
			buildSettings = {
				ALWAYS_SEARCH_USER_PATHS = NO;
				CLANG_ANALYZER_NONNULL = YES;
				CLANG_ANALYZER_NUMBER_OBJECT_CONVERSION = YES_AGGRESSIVE;
				CLANG_CXX_LANGUAGE_STANDARD = "gnu++17";
				CLANG_ENABLE_MODULES = YES;
				CLANG_ENABLE_OBJC_ARC = YES;
				CLANG_ENABLE_OBJC_WEAK = YES;
				CLANG_WARN_BLOCK_CAPTURE_AUTORELEASING = YES;
				CLANG_WARN_BOOL_CONVERSION = YES;
				CLANG_WARN_COMMA = YES;
				CLANG_WARN_CONSTANT_CONVERSION = YES;
				CLANG_WARN_DEPRECATED_OBJC_IMPLEMENTATIONS = YES;
				CLANG_WARN_DIRECT_OBJC_ISA_USAGE = YES_ERROR;
				CLANG_WARN_DOCUMENTATION_COMMENTS = YES;
				CLANG_WARN_EMPTY_BODY = YES;
				CLANG_WARN_ENUM_CONVERSION = YES;
				CLANG_WARN_INFINITE_RECURSION = YES;
				CLANG_WARN_INT_CONVERSION = YES;
				CLANG_WARN_NON_LITERAL_NULL_CONVERSION = YES;
				CLANG_WARN_OBJC_IMPLICIT_RETAIN_SELF = YES;
				CLANG_WARN_OBJC_LITERAL_CONVERSION = YES;
				CLANG_WARN_OBJC_ROOT_CLASS = YES_ERROR;
				CLANG_WARN_QUOTED_INCLUDE_IN_FRAMEWORK_HEADER = YES;
				CLANG_WARN_RANGE_LOOP_ANALYSIS = YES;
				CLANG_WARN_STRICT_PROTOTYPES = YES;
				CLANG_WARN_SUSPICIOUS_MOVE = YES;
				CLANG_WARN_UNGUARDED_AVAILABILITY = YES_AGGRESSIVE;
				CLANG_WARN_UNREACHABLE_CODE = YES;
				CLANG_WARN__DUPLICATE_METHOD_MATCH = YES;
				COPY_PHASE_STRIP = NO;
				DEBUG_INFORMATION_FORMAT = "dwarf-with-dsym";
				ENABLE_NS_ASSERTIONS = NO;
				ENABLE_STRICT_OBJC_MSGSEND = YES;
				GCC_C_LANGUAGE_STANDARD = gnu11;
				GCC_NO_COMMON_BLOCKS = YES;
				GCC_WARN_64_TO_32_BIT_CONVERSION = YES;
				GCC_WARN_ABOUT_RETURN_TYPE = YES_ERROR;
				GCC_WARN_UNDECLARED_SELECTOR = YES;
				GCC_WARN_UNINITIALIZED_AUTOS = YES_AGGRESSIVE;
				GCC_WARN_UNUSED_FUNCTION = YES;
				GCC_WARN_UNUSED_VARIABLE = YES;
				IPHONEOS_DEPLOYMENT_TARGET = 15.4;
				MTL_ENABLE_DEBUG_INFO = NO;
				MTL_FAST_MATH = YES;
				SDKROOT = iphoneos;
				SWIFT_COMPILATION_MODE = wholemodule;
				SWIFT_OPTIMIZATION_LEVEL = "-O";
				VALIDATE_PRODUCT = YES;
			};
			name = Release;
		};
		4408884827EF82E10070AC59 /* Debug */ = {
			isa = XCBuildConfiguration;
			buildSettings = {
				ASSETCATALOG_COMPILER_APPICON_NAME = AppIcon;
				ASSETCATALOG_COMPILER_GLOBAL_ACCENT_COLOR_NAME = AccentColor;
				CODE_SIGN_STYLE = Automatic;
				CURRENT_PROJECT_VERSION = 1;
				DEVELOPMENT_TEAM = 9FK38VJ3T7;
				GENERATE_INFOPLIST_FILE = YES;
				INFOPLIST_FILE = LoginFullVersion/Supporting/Info.plist;
				INFOPLIST_KEY_UIApplicationSupportsIndirectInputEvents = YES;
				INFOPLIST_KEY_UILaunchStoryboardName = LaunchScreen;
				INFOPLIST_KEY_UIMainStoryboardFile = Main;
				INFOPLIST_KEY_UISupportedInterfaceOrientations_iPad = "UIInterfaceOrientationPortrait UIInterfaceOrientationPortraitUpsideDown UIInterfaceOrientationLandscapeLeft UIInterfaceOrientationLandscapeRight";
				INFOPLIST_KEY_UISupportedInterfaceOrientations_iPhone = "UIInterfaceOrientationPortrait UIInterfaceOrientationLandscapeLeft UIInterfaceOrientationLandscapeRight";
				LD_RUNPATH_SEARCH_PATHS = (
					"$(inherited)",
					"@executable_path/Frameworks",
				);
				MARKETING_VERSION = 1.0;
				PRODUCT_BUNDLE_IDENTIFIER = "Odintsov-Greg.LoginFullVersion";
				PRODUCT_NAME = "$(TARGET_NAME)";
				SWIFT_EMIT_LOC_STRINGS = YES;
				SWIFT_VERSION = 5.0;
				TARGETED_DEVICE_FAMILY = "1,2";
			};
			name = Debug;
		};
		4408884927EF82E10070AC59 /* Release */ = {
			isa = XCBuildConfiguration;
			buildSettings = {
				ASSETCATALOG_COMPILER_APPICON_NAME = AppIcon;
				ASSETCATALOG_COMPILER_GLOBAL_ACCENT_COLOR_NAME = AccentColor;
				CODE_SIGN_STYLE = Automatic;
				CURRENT_PROJECT_VERSION = 1;
				DEVELOPMENT_TEAM = 9FK38VJ3T7;
				GENERATE_INFOPLIST_FILE = YES;
				INFOPLIST_FILE = LoginFullVersion/Supporting/Info.plist;
				INFOPLIST_KEY_UIApplicationSupportsIndirectInputEvents = YES;
				INFOPLIST_KEY_UILaunchStoryboardName = LaunchScreen;
				INFOPLIST_KEY_UIMainStoryboardFile = Main;
				INFOPLIST_KEY_UISupportedInterfaceOrientations_iPad = "UIInterfaceOrientationPortrait UIInterfaceOrientationPortraitUpsideDown UIInterfaceOrientationLandscapeLeft UIInterfaceOrientationLandscapeRight";
				INFOPLIST_KEY_UISupportedInterfaceOrientations_iPhone = "UIInterfaceOrientationPortrait UIInterfaceOrientationLandscapeLeft UIInterfaceOrientationLandscapeRight";
				LD_RUNPATH_SEARCH_PATHS = (
					"$(inherited)",
					"@executable_path/Frameworks",
				);
				MARKETING_VERSION = 1.0;
				PRODUCT_BUNDLE_IDENTIFIER = "Odintsov-Greg.LoginFullVersion";
				PRODUCT_NAME = "$(TARGET_NAME)";
				SWIFT_EMIT_LOC_STRINGS = YES;
				SWIFT_VERSION = 5.0;
				TARGETED_DEVICE_FAMILY = "1,2";
			};
			name = Release;
		};
/* End XCBuildConfiguration section */

/* Begin XCConfigurationList section */
		4408882E27EF82E00070AC59 /* Build configuration list for PBXProject "LoginFullVersion" */ = {
			isa = XCConfigurationList;
			buildConfigurations = (
				4408884527EF82E10070AC59 /* Debug */,
				4408884627EF82E10070AC59 /* Release */,
			);
			defaultConfigurationIsVisible = 0;
			defaultConfigurationName = Release;
		};
		4408884727EF82E10070AC59 /* Build configuration list for PBXNativeTarget "LoginFullVersion" */ = {
			isa = XCConfigurationList;
			buildConfigurations = (
				4408884827EF82E10070AC59 /* Debug */,
				4408884927EF82E10070AC59 /* Release */,
			);
			defaultConfigurationIsVisible = 0;
			defaultConfigurationName = Release;
		};
/* End XCConfigurationList section */
	};
	rootObject = 4408882B27EF82E00070AC59 /* Project object */;
}
